dependencies:
  espressif/esp-nn:
    component_hash: b32869798bdb40dec6bc99caca48cd65d42f8a9f506b9ab9c598a076f891ede9
    source:
      service_url: https://api.components.espressif.com/
      type: service
    version: 1.0.2
  espressif/esp-tflite-micro:
    component_hash: 0b5683347a5a72ead8da192f34efb16cff3177373ceed5315dc4610cf5e16b8d
    source:
      service_url: https://api.components.espressif.com/
      type: service
    version: 1.3.0
  idf:
    component_hash: null
    source:
      type: idf
    version: 5.4.0
manifest_hash: b64a773684ff5b3c374ba19e5fbc3c2a50e95962c8605ae9181a57eb39470abf
target: esp32
version: 1.0.0
